{
  "version": "5",
  "specifiers": {
    "jsr:@supabase/supabase-js@2": "2.115.0",
    "npm:@supabase/auth-js@2.115.0": "2.115.0",
    "npm:@supabase/functions-js@2.115.0": "2.115.0",
    "npm:@supabase/postgrest-js@2.115.0": "2.115.0",
    "npm:@supabase/realtime-js@2.115.0": "2.115.0",
    "npm:@supabase/storage-js@2.115.0": "2.115.0"
  },
  "jsr": {
    "@supabase/supabase-js@2.115.0": {
      "integrity": "476e46c71a1be5754fd21c510cfeb49bde5adbcb1174cfcc1212a4002c30d4b6",
      "dependencies": [
        "npm:@supabase/auth-js",
        "npm:@supabase/functions-js",
        "npm:@supabase/postgrest-js",
        "npm:@supabase/realtime-js",
        "npm:@supabase/storage-js"
      ]
    }
  },
  "npm": {
    "@supabase/auth-js@2.115.0": {
      "integrity": "sha512-YNQlQWm1H0gsXHSY8Jd/xepBhjO0Zhwx04iW17A83/joQ5kFiUin6iPj9s9kZZvupnwLjXVP/diTFiLz2jUbwQ==",
      "dependencies": [
        "tslib"
      ]
    },
    "@supabase/functions-js@2.115.0": {
      "integrity": "sha512-p97V6/YFcdp+zblFDVJaE8f9rGKTNz0PRzyJ2d1w/EYIU5lwidKuc3l/wM+u27ACmAC62albvoGiUGzLPSg7Aw==",
      "dependencies": [
        "tslib"
      ]
    },
    "@supabase/phoenix@0.4.5": {
      "integrity": "sha512-aAn9H9ovVyeApKy11OWOrrOGq8DV68yWeH4ud2lN9fzn4aO8Zb5GLL9m1pUg9nLqIcT+ZDfAcsZe0E/nqdv2lw=="
    },
    "@supabase/postgrest-js@2.115.0": {
      "integrity": "sha512-DdERcurLh5t84pgSywDg2LjLR5le7XAzl52/iQhC7FdboWDqGfDPMfaWJV3MHvhyxSlSNzbpSQG+RiQOBSn/4w==",
      "dependencies": [
        "tslib"
      ]
    },
    "@supabase/realtime-js@2.115.0": {
      "integrity": "sha512-5HyBkvlA/IUV2v8jX3uLTdy15jmTPRVXwXKoxvH2SKw5jZMNURxCxt+VpCEukscXQlY7pUpH8Cy4NH6io4iaRw==",
      "dependencies": [
        "@supabase/phoenix",
        "tslib"
      ]
    },
    "@supabase/storage-js@2.115.0": {
      "integrity": "sha512-dLyIxzbO+MCcKHhcce8rVUCQX1iyqXqQ8ytgkOVYJ7D+Zp0qKylPtQH3hamgxrGSxtDjaw47Urpzw2iK9PsKdA==",
      "dependencies": [
        "iceberg-js",
        "tslib"
      ]
    },
    "iceberg-js@0.8.1": {
      "integrity": "sha512-1dhVQZXhcHje7798IVM+xoo/1ZdVfzOMIc8/rgVSijRK38EDqOJoGula9N/8ZI5RD8QTxNQtK/Gozpr+qUqRRA=="
    },
    "tslib@2.8.1": {
      "integrity": "sha512-oJFu94HQb+KVduSUQL7wnpmqnfmLsOA/nAh6b6EH0wCEoK0/mPeXU6c3wKDV83MkOuHPRHtSXKKU99IBazS/2w=="
    }
  },
  "remote": {
    "https://deno.land/std@0.224.0/assert/_constants.ts": "a271e8ef5a573f1df8e822a6eb9d09df064ad66a4390f21b3e31f820a38e0975",
    "https://deno.land/std@0.224.0/assert/assert.ts": "09d30564c09de846855b7b071e62b5974b001bb72a4b797958fe0660e7849834",
    "https://deno.land/std@0.224.0/assert/assert_almost_equals.ts": "9e416114322012c9a21fa68e187637ce2d7df25bcbdbfd957cd639e65d3cf293",
    "https://deno.land/std@0.224.0/assert/assert_array_includes.ts": "14c5094471bc8e4a7895fc6aa5a184300d8a1879606574cb1cd715ef36a4a3c7",
    "https://deno.land/std@0.224.0/assert/assert_equals.ts": "3bbca947d85b9d374a108687b1a8ba3785a7850436b5a8930d81f34a32cb8c74",
    "https://deno.land/std@0.224.0/assert/assert_exists.ts": "43420cf7f956748ae6ed1230646567b3593cb7a36c5a5327269279c870c5ddfd",
    "https://deno.land/std@0.224.0/assert/assert_false.ts": "3e9be8e33275db00d952e9acb0cd29481a44fa0a4af6d37239ff58d79e8edeff",
    "https://deno.land/std@0.224.0/assert/assert_greater.ts": "5e57b201fd51b64ced36c828e3dfd773412c1a6120c1a5a99066c9b261974e46",
    "https://deno.land/std@0.224.0/assert/assert_greater_or_equal.ts": "9870030f997a08361b6f63400273c2fb1856f5db86c0c3852aab2a002e425c5b",
    "https://deno.land/std@0.224.0/assert/assert_instance_of.ts": "e22343c1fdcacfaea8f37784ad782683ec1cf599ae9b1b618954e9c22f376f2c",
    "https://deno.land/std@0.224.0/assert/assert_is_error.ts": "f856b3bc978a7aa6a601f3fec6603491ab6255118afa6baa84b04426dd3cc491",
    "https://deno.land/std@0.224.0/assert/assert_less.ts": "60b61e13a1982865a72726a5fa86c24fad7eb27c3c08b13883fb68882b307f68",
    "https://deno.land/std@0.224.0/assert/assert_less_or_equal.ts": "d2c84e17faba4afe085e6c9123a63395accf4f9e00150db899c46e67420e0ec3",
    "https://deno.land/std@0.224.0/assert/assert_match.ts": "ace1710dd3b2811c391946954234b5da910c5665aed817943d086d4d4871a8b7",
    "https://deno.land/std@0.224.0/assert/assert_not_equals.ts": "78d45dd46133d76ce624b2c6c09392f6110f0df9b73f911d20208a68dee2ef29",
    "https://deno.land/std@0.224.0/assert/assert_not_instance_of.ts": "3434a669b4d20cdcc5359779301a0588f941ffdc2ad68803c31eabdb4890cf7a",
    "https://deno.land/std@0.224.0/assert/assert_not_match.ts": "df30417240aa2d35b1ea44df7e541991348a063d9ee823430e0b58079a72242a",
    "https://deno.land/std@0.224.0/assert/assert_not_strict_equals.ts": "37f73880bd672709373d6dc2c5f148691119bed161f3020fff3548a0496f71b8",
    "https://deno.land/std@0.224.0/assert/assert_object_match.ts": "411450fd194fdaabc0089ae68f916b545a49d7b7e6d0026e84a54c9e7eed2693",
    "https://deno.land/std@0.224.0/assert/assert_rejects.ts": "4bee1d6d565a5b623146a14668da8f9eb1f026a4f338bbf92b37e43e0aa53c31",
    "https://deno.land/std@0.224.0/assert/assert_strict_equals.ts": "b4f45f0fd2e54d9029171876bd0b42dd9ed0efd8f853ab92a3f50127acfa54f5",
    "https://deno.land/std@0.224.0/assert/assert_string_includes.ts": "496b9ecad84deab72c8718735373feb6cdaa071eb91a98206f6f3cb4285e71b8",
    "https://deno.land/std@0.224.0/assert/assert_throws.ts": "c6508b2879d465898dab2798009299867e67c570d7d34c90a2d235e4553906eb",
    "https://deno.land/std@0.224.0/assert/assertion_error.ts": "ba8752bd27ebc51f723702fac2f54d3e94447598f54264a6653d6413738a8917",
    "https://deno.land/std@0.224.0/assert/equal.ts": "bddf07bb5fc718e10bb72d5dc2c36c1ce5a8bdd3b647069b6319e07af181ac47",
    "https://deno.land/std@0.224.0/assert/fail.ts": "0eba674ffb47dff083f02ced76d5130460bff1a9a68c6514ebe0cdea4abadb68",
    "https://deno.land/std@0.224.0/assert/mod.ts": "48b8cb8a619ea0b7958ad7ee9376500fe902284bb36f0e32c598c3dc34cbd6f3",
    "https://deno.land/std@0.224.0/assert/unimplemented.ts": "8c55a5793e9147b4f1ef68cd66496b7d5ba7a9e7ca30c6da070c1a58da723d73",
    "https://deno.land/std@0.224.0/assert/unreachable.ts": "5ae3dbf63ef988615b93eb08d395dda771c96546565f9e521ed86f6510c29e19",
    "https://deno.land/std@0.224.0/fmt/colors.ts": "508563c0659dd7198ba4bbf87e97f654af3c34eb56ba790260f252ad8012e1c5",
    "https://deno.land/std@0.224.0/internal/diff.ts": "6234a4b493ebe65dc67a18a0eb97ef683626a1166a1906232ce186ae9f65f4e6",
    "https://deno.land/std@0.224.0/internal/format.ts": "0a98ee226fd3d43450245b1844b47003419d34d210fa989900861c79820d21c2",
    "https://deno.land/std@0.224.0/internal/mod.ts": "534125398c8e7426183e12dc255bb635d94e06d0f93c60a297723abe69d3b22e",
    "https://deno.land/std@0.224.0/yaml/_dumper/dumper.ts": "08b595b40841a2e1c75303f5096392323b6baf8e9662430a91e3b36fbe175fe9",
    "https://deno.land/std@0.224.0/yaml/_dumper/dumper_state.ts": "9e29f700ea876ed230b43f11fa006fcb1a62eedc1e27d32baaeaf3210f19f1e7",
    "https://deno.land/std@0.224.0/yaml/_error.ts": "f38cdebdb69cde16903d9aa2f3b8a3dd9d13e5f7f3570bf662bfaca69fef669e",
    "https://deno.land/std@0.224.0/yaml/_loader/loader.ts": "bf9e8a99770b59bc887b43ebccea108cbe9146ae32d91f7ce558d62c946d3fe3",
    "https://deno.land/std@0.224.0/yaml/_loader/loader_state.ts": "ee216de6040551940b85473c3185fdb7a6f3030b77153f87a6b7f63f82e489ea",
    "https://deno.land/std@0.224.0/yaml/_mark.ts": "61097a614857fcebf7b2ecad057916d74c90cd160117a33c9e74bac60457410a",
    "https://deno.land/std@0.224.0/yaml/_state.ts": "f3b1c1fd11860302f1f33e35e9ce089bf069d4943e8d67516cd6bedbba058c13",
    "https://deno.land/std@0.224.0/yaml/_type/binary.ts": "f1a6e1d83dcc52b21cc3639cd98be44051cfc54065cc4f2a42065bce07ebc07d",
    "https://deno.land/std@0.224.0/yaml/_type/bool.ts": "121743b23ba82a27ad6a3ec6298c7f5b0908f90e52707f8644a91f7ad51ed2ef",
    "https://deno.land/std@0.224.0/yaml/_type/float.ts": "c5ed84b0aec1ec5dc05f6abfaaff672e8890d4d44a42120b4445c9754fca4eba",
    "https://deno.land/std@0.224.0/yaml/_type/function.ts": "bbf705058942bf3370604b37eb77a10aadd72f986c237c9f69b43378a42202c1",
    "https://deno.land/std@0.224.0/yaml/_type/int.ts": "c2dc88438a60fccc8d2226042bd18b9967753adaf6bd145feb8b99d567e432ce",
    "https://deno.land/std@0.224.0/yaml/_type/map.ts": "ae2acb1cb837fb8e96c75c98611cfd45af847d0114ab5336333c318e7d4b12f4",
    "https://deno.land/std@0.224.0/yaml/_type/merge.ts": "ad0d971f91d2fb9f4ab3eba0c837eae357b1804d6b798adc99dc917bc5306b11",
    "https://deno.land/std@0.224.0/yaml/_type/mod.ts": "e8929d7b1c969a74f76338d4eb380ef8c4a26cd6441117d521f076b766e9c265",
    "https://deno.land/std@0.224.0/yaml/_type/nil.ts": "cbe4387d02d5933322c21b25d8955c5e6228c492e391a6fb82dcf4f498cc421c",
    "https://deno.land/std@0.224.0/yaml/_type/omap.ts": "cda915105ab22ba9e1d6317adacee8eec2d8ddaf864cc2f814e3e476946e72c6",
    "https://deno.land/std@0.224.0/yaml/_type/pairs.ts": "dd39bb44c1b9abaf6172c63f73350475933151f07e05253b81f7860c9b507177",
    "https://deno.land/std@0.224.0/yaml/_type/regexp.ts": "e49eb9e1c9356fd142bc15f7f323820d411fcc537b5ba3896df9a8b812d270a4",
    "https://deno.land/std@0.224.0/yaml/_type/seq.ts": "2deffc7f970869bc01a1541b4961d076329a1c2b30b95e07918f3132db7c3fe2",
    "https://deno.land/std@0.224.0/yaml/_type/set.ts": "be8a9e7237a7ffc92dfbe7f5e552d84b7eeba60f3f73cc77fc3c59d3506c74ea",
    "https://deno.land/std@0.224.0/yaml/_type/str.ts": "88f0a1ba12295520cd57e96cd78d53aa0787d53c7a1c506155f418c496c2f550",
    "https://deno.land/std@0.224.0/yaml/_type/timestamp.ts": "277a41a40fb93c3b2b3f5c373bf11b0b7856cc6a7b919e8ea130755e4029edc5",
    "https://deno.land/std@0.224.0/yaml/_type/undefined.ts": "9d215953c65740f1764e0bdca021007573473f0c49e087f00d9ff02817ecfc97",
    "https://deno.land/std@0.224.0/yaml/_utils.ts": "91bbe28b5e7000b9594e40ff5353f8fe7a7ba914eec917e1202cbaf5ac931c58",
    "https://deno.land/std@0.224.0/yaml/mod.ts": "54e9bfad77c8cd58f49b65f4d568045ff08989ed36318a2ca733a43cb6f1bc00",
    "https://deno.land/std@0.224.0/yaml/parse.ts": "f45278d9ebccb789af4eceeffa5c291e194bcf1fa9aab1b34ff52c2bd4a9d886",
    "https://deno.land/std@0.224.0/yaml/schema.ts": "a0f7956d997852b5d1c6564bd73eb7352175cfba439707ac819b65b5a2ec173a",
    "https://deno.land/std@0.224.0/yaml/schema/core.ts": "0a37c07710e3df4eb4edc02f4edf623bf8df5af72b34d8a7c0229d0bac2a7043",
    "https://deno.land/std@0.224.0/yaml/schema/default.ts": "1367fd30420c7071ecc67e5b470838474e8259aaf64460f314af4b6bd8da497c",
    "https://deno.land/std@0.224.0/yaml/schema/extended.ts": "248180c22697f37ed173057eae62ce4879865bb59f30c4908d698bed5edcc7c5",
    "https://deno.land/std@0.224.0/yaml/schema/failsafe.ts": "0ac1cae5b86d8fe2c83ad0a17f8adc33106a452b7139f84e4b0bfaee2206730e",
    "https://deno.land/std@0.224.0/yaml/schema/json.ts": "a0228a0c0bad7dece17ab848774fcadc2ccb5e51775c2d58d21d486917ba3ba1",
    "https://deno.land/std@0.224.0/yaml/schema/mod.ts": "0e1558a4823834f106675e48ddc15338e04f6f18469d1a7d6b3f0e1ab06abcb2",
    "https://deno.land/std@0.224.0/yaml/stringify.ts": "f0ed4e419cb40c807cf79ae4039d6cdf492be9a947121fff4d4b7cd1d4738bae",
    "https://deno.land/std@0.224.0/yaml/type.ts": "708dde5f20b01cc1096489b7155b6af79a217d585afb841128e78c3c2391eb5c"
  }
}
